
Microsoft Visual Studio Solution File, Format Version 12.00
# Visual Studio 15
VisualStudioVersion = 15.0.26730.12
MinimumVisualStudioVersion = 10.0.40219.1
Project("{FAE04EC0-301F-11D3-BF4B-00C04F79EFBC}") = "FamilyTreeProject.Data.EntityFramework_net4", "src\FamilyTreeProject.Data.EntityFramework_net4\FamilyTreeProject.Data.EntityFramework_net4.csproj", "{B4DFD09B-A43F-418F-B5F7-872369C6B7CC}"
EndProject
Global
	GlobalSection(SolutionConfigurationPlatforms) = preSolution
		Debug|Any CPU = Debug|Any CPU
		Release|Any CPU = Release|Any CPU
	EndGlobalSection
	GlobalSection(ProjectConfigurationPlatforms) = postSolution
		{B4DFD09B-A43F-418F-B5F7-872369C6B7CC}.Debug|Any CPU.ActiveCfg = Debug|Any CPU
		{B4DFD09B-A43F-418F-B5F7-872369C6B7CC}.Debug|Any CPU.Build.0 = Debug|Any CPU
		{B4DFD09B-A43F-418F-B5F7-872369C6B7CC}.Release|Any CPU.ActiveCfg = Release|Any CPU
		{B4DFD09B-A43F-418F-B5F7-872369C6B7CC}.Release|Any CPU.Build.0 = Release|Any CPU
	EndGlobalSection
	GlobalSection(SolutionProperties) = preSolution
		HideSolutionNode = FALSE
	EndGlobalSection
	GlobalSection(ExtensibilityGlobals) = postSolution
		SolutionGuid = {150AB9E5-6443-427E-AD57-90AA8E6E7E8F}
	EndGlobalSection
EndGlobal
